<?xml version="1.0" encoding="UTF-8"?>
<Scheme
   LastUpgradeVersion = "0820"
   version = "1.3">
   <BuildAction
      parallelizeBuildables = "YES"
      buildImplicitDependencies = "YES">
      <BuildActionEntries>
         <BuildActionEntry
            buildForTesting = "YES"
            buildForRunning = "YES"
            buildForProfiling = "YES"
            buildForArchiving = "YES"
            buildForAnalyzing = "YES">
            <BuildableReference
               BuildableIdentifier = "primary"
               BlueprintIdentifier = "159BCA9C18423C0A0032C586"
               BuildableName = "AppDeploy.app"
               BlueprintName = "AppDeploy"
               ReferencedContainer = "container:AppDeploy.xcodeproj">
            </BuildableReference>
         </BuildActionEntry>
      </BuildActionEntries>
   </BuildAction>
   <TestAction
      buildConfiguration = "Debug"
      selectedDebuggerIdentifier = "Xcode.DebuggerFoundation.Debugger.LLDB"
      selectedLauncherIdentifier = "Xcode.DebuggerFoundation.Launcher.LLDB"
      shouldUseLaunchSchemeArgsEnv = "YES">
      <Testables>
         <TestableReference
            skipped = "NO">
            <BuildableReference
               BuildableIdentifier = "primary"
               BlueprintIdentifier = "159BCABD18423C0A0032C586"
               BuildableName = "AppDeployTests.xctest"
               BlueprintName = "AppDeployTests"
               ReferencedContainer = "container:AppDeploy.xcodeproj">
            </BuildableReference>
         </TestableReference>
      </Testables>
      <MacroExpansion>
         <BuildableReference
            BuildableIdentifier = "primary"
            BlueprintIdentifier = "159BCA9C18423C0A0032C586"
            BuildableName = "AppDeploy.app"
            BlueprintName = "AppDeploy"
            ReferencedContainer = "container:AppDeploy.xcodeproj">
         </BuildableReference>
      </MacroExpansion>
      <AdditionalOptions>
      </AdditionalOptions>
   </TestAction>
   <LaunchAction
      buildConfiguration = "Release"
      selectedDebuggerIdentifier = "Xcode.DebuggerFoundation.Debugger.LLDB"
      selectedLauncherIdentifier = "Xcode.DebuggerFoundation.Launcher.LLDB"
      launchStyle = "0"
      useCustomWorkingDirectory = "NO"
      ignoresPersistentStateOnLaunch = "NO"
      debugDocumentVersioning = "YES"
      debugServiceExtension = "internal"
      allowLocationSimulation = "YES">
      <BuildableProductRunnable
         runnableDebuggingMode = "0">
         <BuildableReference
            BuildableIdentifier = "primary"
            BlueprintIdentifier = "159BCA9C18423C0A0032C586"
            BuildableName = "AppDeploy.app"
            BlueprintName = "AppDeploy"
            ReferencedContainer = "container:AppDeploy.xcodeproj">
         </BuildableReference>
      </BuildableProductRunnable>
      <CommandLineArguments>
         <CommandLineArgument
            argument = "--archivepath=&quot;/Users/gros/Library/Developer/Xcode/Archives/2014-12-10/7HugsPOC DEBUG - dev webservice 10-12-2014 16.27.xcarchive&quot;"
            isEnabled = "NO">
         </CommandLineArgument>
         <CommandLineArgument
            argument = "--push"
            isEnabled = "NO">
         </CommandLineArgument>
         <CommandLineArgument
            argument = "--ipapath=&quot;/Users/gros/Desktop/Analyze/7HugsPOC.ipa&quot;"
            isEnabled = "NO">
         </CommandLineArgument>
         <CommandLineArgument
            argument = "--ipapath=&quot;/Users/gros/Desktop/Analyze/7HugsPOC2.ipa&quot;"
            isEnabled = "NO">
         </CommandLineArgument>
         <CommandLineArgument
            argument = "--help"
            isEnabled = "NO">
         </CommandLineArgument>
         <CommandLineArgument
            argument = "--last"
            isEnabled = "NO">
         </CommandLineArgument>
         <CommandLineArgument
            argument = "--sign"
            isEnabled = "NO">
         </CommandLineArgument>
      </CommandLineArguments>
      <AdditionalOptions>
      </AdditionalOptions>
   </LaunchAction>
   <ProfileAction
      buildConfiguration = "Release"
      shouldUseLaunchSchemeArgsEnv = "YES"
      savedToolIdentifier = ""
      useCustomWorkingDirectory = "NO"
      debugDocumentVersioning = "YES">
      <BuildableProductRunnable
         runnableDebuggingMode = "0">
         <BuildableReference
            BuildableIdentifier = "primary"
            BlueprintIdentifier = "159BCA9C18423C0A0032C586"
            BuildableName = "AppDeploy.app"
            BlueprintName = "AppDeploy"
            ReferencedContainer = "container:AppDeploy.xcodeproj">
         </BuildableReference>
      </BuildableProductRunnable>
   </ProfileAction>
   <AnalyzeAction
      buildConfiguration = "Debug">
   </AnalyzeAction>
   <ArchiveAction
      buildConfiguration = "Release"
      revealArchiveInOrganizer = "YES">
   </ArchiveAction>
</Scheme>
