<?xml version="1.0" encoding="UTF-8"?>
<Scheme
   LastUpgradeVersion = "0820"
   version = "1.3">
   <BuildAction
      parallelizeBuildables = "YES"
      buildImplicitDependencies = "YES">
      <BuildActionEntries>
         <BuildActionEntry
            buildForTesting = "YES"
            buildForRunning = "YES"
            buildForProfiling = "YES"
            buildForArchiving = "YES"
            buildForAnalyzing = "YES">
            <BuildableReference
               BuildableIdentifier = "primary"
               BlueprintIdentifier = "159BCA9C18423C0A0032C586"
               BuildableName = "AppDeploy.app"
               BlueprintName = "AppDeploy"
               ReferencedContainer = "container:AppDeploy.xcodeproj">
            </BuildableReference>
         </BuildActionEntry>
      </BuildActionEntries>
   </BuildAction>
   <TestAction
      buildConfiguration = "Debug"
      selectedDebuggerIdentifier = "Xcode.DebuggerFoundation.Debugger.LLDB"
      selectedLauncherIdentifier = "Xcode.DebuggerFoundation.Launcher.LLDB"
      shouldUseLaunchSchemeArgsEnv = "YES">
      <Testables>
         <TestableReference
            skipped = "NO">
            <BuildableReference
               BuildableIdentifier = "primary"
               BlueprintIdentifier = "159BCABD18423C0A0032C586"
               BuildableName = "AppDeployTests.xctest"
               BlueprintName = "AppDeployTests"
               ReferencedContainer = "container:AppDeploy.xcodeproj">
            </BuildableReference>
         </TestableReference>
      </Testables>
      <MacroExpansion>
         <BuildableReference
            BuildableIdentifier = "primary"
            BlueprintIdentifier = "159BCA9C18423C0A0032C586"
            BuildableName = "AppDeploy.app"
            BlueprintName = "AppDeploy"
            ReferencedContainer = "container:AppDeploy.xcodeproj">
         </BuildableReference>
      </MacroExpansion>
      <AdditionalOptions>
      </AdditionalOptions>
   </TestAction>
   <LaunchAction
      buildConfiguration = "Debug"
      selectedDebuggerIdentifier = "Xcode.DebuggerFoundation.Debugger.LLDB"
      selectedLauncherIdentifier = "Xcode.DebuggerFoundation.Launcher.LLDB"
      launchStyle = "0"
      useCustomWorkingDirectory = "NO"
      ignoresPersistentStateOnLaunch = "NO"
      debugDocumentVersioning = "YES"
      debugServiceExtension = "internal"
      allowLocationSimulation = "YES">
      <BuildableProductRunnable
         runnableDebuggingMode = "0">
         <BuildableReference
            BuildableIdentifier = "primary"
            BlueprintIdentifier = "159BCA9C18423C0A0032C586"
            BuildableName = "AppDeploy.app"
            BlueprintName = "AppDeploy"
            ReferencedContainer = "container:AppDeploy.xcodeproj">
         </BuildableReference>
      </BuildableProductRunnable>
      <CommandLineArguments>
         <CommandLineArgument
            argument = "--file=&quot;/Users/gros/Library/Developer/Xcode/Archives/2015-02-08/AppTestGreen 08-02-2015 19.20.xcarchive&quot;"
            isEnabled = "NO">
         </CommandLineArgument>
         <CommandLineArgument
            argument = "--export=/Users/gros/Desktop/test.properties"
            isEnabled = "YES">
         </CommandLineArgument>
         <CommandLineArgument
            argument = "--build_number=200"
            isEnabled = "NO">
         </CommandLineArgument>
         <CommandLineArgument
            argument = "--file=&quot;/Users/gros/Desktop/app.ipa&quot;"
            isEnabled = "NO">
         </CommandLineArgument>
         <CommandLineArgument
            argument = "--file=&quot;/Users/gros/Downloads/hauteHorlogerie-prod_sd-debug.apk&quot;"
            isEnabled = "NO">
         </CommandLineArgument>
         <CommandLineArgument
            argument = "--file=&quot;/Users/gros/Dev/SCM/mac/AppDeploy/Tests data folder/7HugsPOC.ipa&quot;"
            isEnabled = "NO">
         </CommandLineArgument>
         <CommandLineArgument
            argument = "--file=&quot;/Users/gros/Dev/SCM/mac/AppDeploy/Tests data folder/ninau_1.0_10.apk&quot;"
            isEnabled = "NO">
         </CommandLineArgument>
         <CommandLineArgument
            argument = "--file=&quot;/Users/gros/Dev/SCM/mac/AppDeploy/Tests data folder/apptestpp_ios.ipa&quot;"
            isEnabled = "YES">
         </CommandLineArgument>
         <CommandLineArgument
            argument = "--file=&quot;/Users/gros/Dev/SCM/mac/AppDeploy/Tests data folder/msd_android.apk&quot;"
            isEnabled = "NO">
         </CommandLineArgument>
         <CommandLineArgument
            argument = "--templatekey=&quot;ADM_IC&quot;"
            isEnabled = "NO">
         </CommandLineArgument>
         <CommandLineArgument
            argument = "--templatekey=&quot;ADM_IC_ANDROID&quot;"
            isEnabled = "NO">
         </CommandLineArgument>
         <CommandLineArgument
            argument = "--templatekey=&quot;defaultLogo&quot;"
            isEnabled = "NO">
         </CommandLineArgument>
         <CommandLineArgument
            argument = "--templatekey=&quot;defaultAppIcone&quot;"
            isEnabled = "YES">
         </CommandLineArgument>
         <CommandLineArgument
            argument = "--serverkey=&quot;atelierdumobile.com&quot;"
            isEnabled = "YES">
         </CommandLineArgument>
         <CommandLineArgument
            argument = "--ftp"
            isEnabled = "YES">
         </CommandLineArgument>
         <CommandLineArgument
            argument = "--prowl"
            isEnabled = "YES">
         </CommandLineArgument>
         <CommandLineArgument
            argument = "--hipchat"
            isEnabled = "NO">
         </CommandLineArgument>
         <CommandLineArgument
            argument = "--help"
            isEnabled = "NO">
         </CommandLineArgument>
         <CommandLineArgument
            argument = "--findLastArchive"
            isEnabled = "NO">
         </CommandLineArgument>
         <CommandLineArgument
            argument = "--ic_xcode_name=xcode6.3.1.app"
            isEnabled = "NO">
         </CommandLineArgument>
         <CommandLineArgument
            argument = "--ic_xcode_sdk=iphoneos"
            isEnabled = "NO">
         </CommandLineArgument>
         <CommandLineArgument
            argument = "--ic_build_cause=MANUALTRIGGER"
            isEnabled = "NO">
         </CommandLineArgument>
         <CommandLineArgument
            argument = "--ic_build_url=https://app.atelierdumobile.com/jenkins/view/Hermes/job/Hermes_IOS/17"
            isEnabled = "NO">
         </CommandLineArgument>
         <CommandLineArgument
            argument = "--ic_commit_branch=v5-dev"
            isEnabled = "NO">
         </CommandLineArgument>
         <CommandLineArgument
            argument = "--ic_commit_id=78f464c71a469ec11e0fe2b0f1999bac75502875"
            isEnabled = "NO">
         </CommandLineArgument>
         <CommandLineArgument
            argument = "--ic_xcode_scheme=Release WS Prod&#10;"
            isEnabled = "NO">
         </CommandLineArgument>
         <CommandLineArgument
            argument = "--ic_xcode_target=Silknots"
            isEnabled = "NO">
         </CommandLineArgument>
         <CommandLineArgument
            argument = "--ic_xcode_config=release"
            isEnabled = "NO">
         </CommandLineArgument>
         <CommandLineArgument
            argument = "--ic_env=PROD"
            isEnabled = "NO">
         </CommandLineArgument>
         <CommandLineArgument
            argument = "--ic_commit_tag="
            isEnabled = "NO">
         </CommandLineArgument>
      </CommandLineArguments>
      <AdditionalOptions>
      </AdditionalOptions>
   </LaunchAction>
   <ProfileAction
      buildConfiguration = "Release"
      shouldUseLaunchSchemeArgsEnv = "YES"
      savedToolIdentifier = ""
      useCustomWorkingDirectory = "NO"
      debugDocumentVersioning = "YES">
      <BuildableProductRunnable
         runnableDebuggingMode = "0">
         <BuildableReference
            BuildableIdentifier = "primary"
            BlueprintIdentifier = "159BCA9C18423C0A0032C586"
            BuildableName = "AppDeploy.app"
            BlueprintName = "AppDeploy"
            ReferencedContainer = "container:AppDeploy.xcodeproj">
         </BuildableReference>
      </BuildableProductRunnable>
   </ProfileAction>
   <AnalyzeAction
      buildConfiguration = "Debug">
   </AnalyzeAction>
   <ArchiveAction
      buildConfiguration = "Release"
      revealArchiveInOrganizer = "YES">
   </ArchiveAction>
</Scheme>
